
Microsoft Visual Studio Solution File, Format Version 12.00
# Visual Studio Version 17
VisualStudioVersion = 17.9.34622.214
MinimumVisualStudioVersion = 10.0.40219.1
Project("{2150E333-8FDC-42A3-9474-1A3956D46DE8}") = "src", "src", "{7304E4D1-F66C-40FF-8FE5-C96328E55CDB}"
EndProject
Project("{2150E333-8FDC-42A3-9474-1A3956D46DE8}") = "01-Domain", "01-Domain", "{F6A7027C-FA5B-4FFA-8911-C1D6FE16F73F}"
EndProject
Project("{2150E333-8FDC-42A3-9474-1A3956D46DE8}") = "Core", "Core", "{BDDDED92-ACB6-4AC9-8F31-AFC85E7C7A16}"
EndProject
Project("{2150E333-8FDC-42A3-9474-1A3956D46DE8}") = "Services", "Services", "{6CEAEF22-0AAE-4013-BB19-7DA815B78EC5}"
EndProject
Project("{2150E333-8FDC-42A3-9474-1A3956D46DE8}") = "package", "package", "{346BE341-9E00-4093-8AB4-560162FE89EC}"
EndProject
Project("{2150E333-8FDC-42A3-9474-1A3956D46DE8}") = "src-pkg", "src-pkg", "{6DABD450-266B-411C-8492-AB0A7C39E612}"
EndProject
Project("{2150E333-8FDC-42A3-9474-1A3956D46DE8}") = "tests", "tests", "{672F9B31-1669-4DE7-9EE4-A9D66F32A133}"
EndProject
Project("{2150E333-8FDC-42A3-9474-1A3956D46DE8}") = "02-Infrastructures", "02-Infrastructures", "{98CD08A3-8CB0-4E05-92A1-19DEC2067DF2}"
EndProject
Project("{2150E333-8FDC-42A3-9474-1A3956D46DE8}") = "03-EndPoints", "03-EndPoints", "{719C5F56-9575-457B-BBD0-A9F79B0770FD}"
EndProject
Project("{2150E333-8FDC-42A3-9474-1A3956D46DE8}") = "DataAccess", "DataAccess", "{AE5C5E29-539D-4078-9EB7-6A5AE8C39BF8}"
EndProject
Project("{2150E333-8FDC-42A3-9474-1A3956D46DE8}") = "Db", "Db", "{36FAFFA3-E53F-489B-8B16-03874E45FF9D}"
EndProject
Project("{2150E333-8FDC-42A3-9474-1A3956D46DE8}") = "Providers", "Providers", "{589B4F3D-CB7C-4CDB-99D9-C08CB5BA2E5D}"
EndProject
Project("{9A19103F-16F7-4668-BE54-9A1E7A4F7556}") = "App.Domain.AppService", "App.Domain.AppService\App.Domain.AppService.csproj", "{9B348F08-E77C-4D97-B087-7C05238ED531}"
EndProject
Project("{9A19103F-16F7-4668-BE54-9A1E7A4F7556}") = "App.Domain.Core", "App.Domain.Core\App.Domain.Core.csproj", "{A09A4D7F-5C67-4F4A-9DE7-0795A538BB69}"
EndProject
Project("{9A19103F-16F7-4668-BE54-9A1E7A4F7556}") = "App.Infra.DataAccess.Dapper", "App.Infra.Data.QS.SqlServer.Dapper\App.Infra.DataAccess.Dapper.csproj", "{480A22F2-B627-45FE-8C9D-941F27FDAF94}"
EndProject
Project("{9A19103F-16F7-4668-BE54-9A1E7A4F7556}") = "App.Infra.DataAccess.Ef", "App.Infra.Data.Repos.Ef\App.Infra.DataAccess.Ef.csproj", "{029A2271-ABBB-4075-BE50-E0E3E4577870}"
EndProject
Project("{9A19103F-16F7-4668-BE54-9A1E7A4F7556}") = "App.Domain.Service", "App.Domain.Service\App.Domain.Service.csproj", "{7E6420F1-1D26-45FA-BBBF-5679ABBDC6BC}"
EndProject
Project("{9A19103F-16F7-4668-BE54-9A1E7A4F7556}") = "App.Infra.DataBase.SqlServer", "App.Infra.Data.Db.SqlServer.Ef\App.Infra.DataBase.SqlServer.csproj", "{7EBFE76E-72FA-40DB-82D5-D804D0667783}"
EndProject
Project("{9A19103F-16F7-4668-BE54-9A1E7A4F7556}") = "App.EndPoints.Console.Core", "App.EndPoints.Console.Croe\App.EndPoints.Console.Core.csproj", "{E78B78F1-DD17-427D-BF2E-91F47B606F26}"
EndProject
Project("{9A19103F-16F7-4668-BE54-9A1E7A4F7556}") = "App.Infra.DataBase.InMemory", "App.Infra.DataBase.InMemory\App.Infra.DataBase.InMemory.csproj", "{BE677362-F628-49E6-87E0-99AD6C8BA483}"
EndProject
Project("{FAE04EC0-301F-11D3-BF4B-00C04F79EFBC}") = "App.EndPoints.MVC.Core-App", "App.EndPoints.MVC.Core-App\App.EndPoints.MVC.Core-App.csproj", "{44DA616C-FA48-47AE-BA4E-6B76C5B730B6}"
EndProject
Global
	GlobalSection(SolutionConfigurationPlatforms) = preSolution
		Debug|Any CPU = Debug|Any CPU
		Release|Any CPU = Release|Any CPU
	EndGlobalSection
	GlobalSection(ProjectConfigurationPlatforms) = postSolution
		{9B348F08-E77C-4D97-B087-7C05238ED531}.Debug|Any CPU.ActiveCfg = Debug|Any CPU
		{9B348F08-E77C-4D97-B087-7C05238ED531}.Debug|Any CPU.Build.0 = Debug|Any CPU
		{9B348F08-E77C-4D97-B087-7C05238ED531}.Release|Any CPU.ActiveCfg = Release|Any CPU
		{9B348F08-E77C-4D97-B087-7C05238ED531}.Release|Any CPU.Build.0 = Release|Any CPU
		{A09A4D7F-5C67-4F4A-9DE7-0795A538BB69}.Debug|Any CPU.ActiveCfg = Debug|Any CPU
		{A09A4D7F-5C67-4F4A-9DE7-0795A538BB69}.Debug|Any CPU.Build.0 = Debug|Any CPU
		{A09A4D7F-5C67-4F4A-9DE7-0795A538BB69}.Release|Any CPU.ActiveCfg = Release|Any CPU
		{A09A4D7F-5C67-4F4A-9DE7-0795A538BB69}.Release|Any CPU.Build.0 = Release|Any CPU
		{480A22F2-B627-45FE-8C9D-941F27FDAF94}.Debug|Any CPU.ActiveCfg = Debug|Any CPU
		{480A22F2-B627-45FE-8C9D-941F27FDAF94}.Debug|Any CPU.Build.0 = Debug|Any CPU
		{480A22F2-B627-45FE-8C9D-941F27FDAF94}.Release|Any CPU.ActiveCfg = Release|Any CPU
		{480A22F2-B627-45FE-8C9D-941F27FDAF94}.Release|Any CPU.Build.0 = Release|Any CPU
		{029A2271-ABBB-4075-BE50-E0E3E4577870}.Debug|Any CPU.ActiveCfg = Debug|Any CPU
		{029A2271-ABBB-4075-BE50-E0E3E4577870}.Debug|Any CPU.Build.0 = Debug|Any CPU
		{029A2271-ABBB-4075-BE50-E0E3E4577870}.Release|Any CPU.ActiveCfg = Release|Any CPU
		{029A2271-ABBB-4075-BE50-E0E3E4577870}.Release|Any CPU.Build.0 = Release|Any CPU
		{7E6420F1-1D26-45FA-BBBF-5679ABBDC6BC}.Debug|Any CPU.ActiveCfg = Debug|Any CPU
		{7E6420F1-1D26-45FA-BBBF-5679ABBDC6BC}.Debug|Any CPU.Build.0 = Debug|Any CPU
		{7E6420F1-1D26-45FA-BBBF-5679ABBDC6BC}.Release|Any CPU.ActiveCfg = Release|Any CPU
		{7E6420F1-1D26-45FA-BBBF-5679ABBDC6BC}.Release|Any CPU.Build.0 = Release|Any CPU
		{7EBFE76E-72FA-40DB-82D5-D804D0667783}.Debug|Any CPU.ActiveCfg = Debug|Any CPU
		{7EBFE76E-72FA-40DB-82D5-D804D0667783}.Debug|Any CPU.Build.0 = Debug|Any CPU
		{7EBFE76E-72FA-40DB-82D5-D804D0667783}.Release|Any CPU.ActiveCfg = Release|Any CPU
		{7EBFE76E-72FA-40DB-82D5-D804D0667783}.Release|Any CPU.Build.0 = Release|Any CPU
		{E78B78F1-DD17-427D-BF2E-91F47B606F26}.Debug|Any CPU.ActiveCfg = Debug|Any CPU
		{E78B78F1-DD17-427D-BF2E-91F47B606F26}.Debug|Any CPU.Build.0 = Debug|Any CPU
		{E78B78F1-DD17-427D-BF2E-91F47B606F26}.Release|Any CPU.ActiveCfg = Release|Any CPU
		{E78B78F1-DD17-427D-BF2E-91F47B606F26}.Release|Any CPU.Build.0 = Release|Any CPU
		{BE677362-F628-49E6-87E0-99AD6C8BA483}.Debug|Any CPU.ActiveCfg = Debug|Any CPU
		{BE677362-F628-49E6-87E0-99AD6C8BA483}.Debug|Any CPU.Build.0 = Debug|Any CPU
		{BE677362-F628-49E6-87E0-99AD6C8BA483}.Release|Any CPU.ActiveCfg = Release|Any CPU
		{BE677362-F628-49E6-87E0-99AD6C8BA483}.Release|Any CPU.Build.0 = Release|Any CPU
		{44DA616C-FA48-47AE-BA4E-6B76C5B730B6}.Debug|Any CPU.ActiveCfg = Debug|Any CPU
		{44DA616C-FA48-47AE-BA4E-6B76C5B730B6}.Debug|Any CPU.Build.0 = Debug|Any CPU
		{44DA616C-FA48-47AE-BA4E-6B76C5B730B6}.Release|Any CPU.ActiveCfg = Release|Any CPU
		{44DA616C-FA48-47AE-BA4E-6B76C5B730B6}.Release|Any CPU.Build.0 = Release|Any CPU
	EndGlobalSection
	GlobalSection(SolutionProperties) = preSolution
		HideSolutionNode = FALSE
	EndGlobalSection
	GlobalSection(NestedProjects) = preSolution
		{F6A7027C-FA5B-4FFA-8911-C1D6FE16F73F} = {7304E4D1-F66C-40FF-8FE5-C96328E55CDB}
		{BDDDED92-ACB6-4AC9-8F31-AFC85E7C7A16} = {F6A7027C-FA5B-4FFA-8911-C1D6FE16F73F}
		{6CEAEF22-0AAE-4013-BB19-7DA815B78EC5} = {F6A7027C-FA5B-4FFA-8911-C1D6FE16F73F}
		{98CD08A3-8CB0-4E05-92A1-19DEC2067DF2} = {7304E4D1-F66C-40FF-8FE5-C96328E55CDB}
		{719C5F56-9575-457B-BBD0-A9F79B0770FD} = {7304E4D1-F66C-40FF-8FE5-C96328E55CDB}
		{AE5C5E29-539D-4078-9EB7-6A5AE8C39BF8} = {98CD08A3-8CB0-4E05-92A1-19DEC2067DF2}
		{36FAFFA3-E53F-489B-8B16-03874E45FF9D} = {98CD08A3-8CB0-4E05-92A1-19DEC2067DF2}
		{589B4F3D-CB7C-4CDB-99D9-C08CB5BA2E5D} = {98CD08A3-8CB0-4E05-92A1-19DEC2067DF2}
		{9B348F08-E77C-4D97-B087-7C05238ED531} = {6CEAEF22-0AAE-4013-BB19-7DA815B78EC5}
		{A09A4D7F-5C67-4F4A-9DE7-0795A538BB69} = {BDDDED92-ACB6-4AC9-8F31-AFC85E7C7A16}
		{480A22F2-B627-45FE-8C9D-941F27FDAF94} = {AE5C5E29-539D-4078-9EB7-6A5AE8C39BF8}
		{029A2271-ABBB-4075-BE50-E0E3E4577870} = {AE5C5E29-539D-4078-9EB7-6A5AE8C39BF8}
		{7E6420F1-1D26-45FA-BBBF-5679ABBDC6BC} = {6CEAEF22-0AAE-4013-BB19-7DA815B78EC5}
		{7EBFE76E-72FA-40DB-82D5-D804D0667783} = {36FAFFA3-E53F-489B-8B16-03874E45FF9D}
		{E78B78F1-DD17-427D-BF2E-91F47B606F26} = {719C5F56-9575-457B-BBD0-A9F79B0770FD}
		{BE677362-F628-49E6-87E0-99AD6C8BA483} = {36FAFFA3-E53F-489B-8B16-03874E45FF9D}
		{44DA616C-FA48-47AE-BA4E-6B76C5B730B6} = {719C5F56-9575-457B-BBD0-A9F79B0770FD}
	EndGlobalSection
	GlobalSection(ExtensibilityGlobals) = postSolution
		SolutionGuid = {485FD00A-F443-4EF5-81F0-8B494510CE6A}
	EndGlobalSection
EndGlobal
